
Microsoft Visual Studio Solution File, Format Version 12.00
# Visual Studio Version 17
VisualStudioVersion = 17.3.32901.215
MinimumVisualStudioVersion = 10.0.40219.1
Project("{FAE04EC0-301F-11D3-BF4B-00C04F79EFBC}") = "listbox örnek 836", "listbox örnek 836\listbox örnek 836.csproj", "{61F422B5-91C7-458F-B134-27D417B42C23}"
EndProject
Global
	GlobalSection(SolutionConfigurationPlatforms) = preSolution
		Debug|Any CPU = Debug|Any CPU
		Release|Any CPU = Release|Any CPU
	EndGlobalSection
	GlobalSection(ProjectConfigurationPlatforms) = postSolution
		{61F422B5-91C7-458F-B134-27D417B42C23}.Debug|Any CPU.ActiveCfg = Debug|Any CPU
		{61F422B5-91C7-458F-B134-27D417B42C23}.Debug|Any CPU.Build.0 = Debug|Any CPU
		{61F422B5-91C7-458F-B134-27D417B42C23}.Release|Any CPU.ActiveCfg = Release|Any CPU
		{61F422B5-91C7-458F-B134-27D417B42C23}.Release|Any CPU.Build.0 = Release|Any CPU
	EndGlobalSection
	GlobalSection(SolutionProperties) = preSolution
		HideSolutionNode = FALSE
	EndGlobalSection
	GlobalSection(ExtensibilityGlobals) = postSolution
		SolutionGuid = {663F3CEC-E6AF-4A35-A1BA-42B3A51FF3EC}
	EndGlobalSection
EndGlobal
